
Microsoft Visual Studio Solution File, Format Version 12.00
# Visual Studio Version 17
VisualStudioVersion = 17.0.32112.339
MinimumVisualStudioVersion = 10.0.40219.1
Project("{FAE04EC0-301F-11D3-BF4B-00C04F79EFBC}") = "TestAct3", "TestAct3.csproj", "{BCC5088F-18DA-4CAC-BCFC-2BA28C717CA6}"
EndProject
Global
	GlobalSection(SolutionConfigurationPlatforms) = preSolution
		Debug|Any CPU = Debug|Any CPU
		Release|Any CPU = Release|Any CPU
	EndGlobalSection
	GlobalSection(ProjectConfigurationPlatforms) = postSolution
		{BCC5088F-18DA-4CAC-BCFC-2BA28C717CA6}.Debug|Any CPU.ActiveCfg = Debug|Any CPU
		{BCC5088F-18DA-4CAC-BCFC-2BA28C717CA6}.Debug|Any CPU.Build.0 = Debug|Any CPU
		{BCC5088F-18DA-4CAC-BCFC-2BA28C717CA6}.Release|Any CPU.ActiveCfg = Release|Any CPU
		{BCC5088F-18DA-4CAC-BCFC-2BA28C717CA6}.Release|Any CPU.Build.0 = Release|Any CPU
	EndGlobalSection
	GlobalSection(SolutionProperties) = preSolution
		HideSolutionNode = FALSE
	EndGlobalSection
	GlobalSection(ExtensibilityGlobals) = postSolution
		SolutionGuid = {7DCE90DA-CBEA-4EA0-816F-2A67F879CF31}
	EndGlobalSection
EndGlobal
